
Microsoft Visual Studio Solution File, Format Version 12.00
# Visual Studio Version 17
VisualStudioVersion = 17.5.33627.172
MinimumVisualStudioVersion = 10.0.40219.1
Project("{FAE04EC0-301F-11D3-BF4B-00C04F79EFBC}") = "01. Recursive Array Sum", "RevursionAndBacktracking\01. Recursive Array Sum.csproj", "{FF46C76C-7D90-4A10-B5F6-C94E610A1F15}"
EndProject
Project("{FAE04EC0-301F-11D3-BF4B-00C04F79EFBC}") = "04. Recursive Factorial", "02. Recursive Drawing\04. Recursive Factorial.csproj", "{5DDB6892-0CA7-4347-B15D-AB8076CF3D4B}"
EndProject
Project("{FAE04EC0-301F-11D3-BF4B-00C04F79EFBC}") = "02. Recursive Drawing", "02. Recursive Drawings\02. Recursive Drawing.csproj", "{77B98420-1B46-4CAA-B3EE-077F708210EC}"
EndProject
Project("{FAE04EC0-301F-11D3-BF4B-00C04F79EFBC}") = "03. Generating 0-1 Vectors", "03. Generating 0-1 Vectors\03. Generating 0-1 Vectors.csproj", "{0CB357CC-DF7D-4C3A-9B89-FD17F329434A}"
EndProject
Project("{FAE04EC0-301F-11D3-BF4B-00C04F79EFBC}") = "05. Paths in Labyrinth", "05. Paths in Labyrinth\05. Paths in Labyrinth.csproj", "{81E2956D-36D6-49FC-910C-8F5BCF8E671A}"
EndProject
Project("{FAE04EC0-301F-11D3-BF4B-00C04F79EFBC}") = "06. 8 Queens Puzzle", "06. 8 Queens Puzzle\06. 8 Queens Puzzle.csproj", "{8E8C2FB7-DF8E-4931-8DF1-EC429264F570}"
EndProject
Project("{FAE04EC0-301F-11D3-BF4B-00C04F79EFBC}") = "07. Recursive Fibonacci", "07. Recursive Fibonacci\07. Recursive Fibonacci.csproj", "{87706AC8-59A5-46DE-AC95-EF734D1BE0F5}"
EndProject
Global
	GlobalSection(SolutionConfigurationPlatforms) = preSolution
		Debug|Any CPU = Debug|Any CPU
		Release|Any CPU = Release|Any CPU
	EndGlobalSection
	GlobalSection(ProjectConfigurationPlatforms) = postSolution
		{FF46C76C-7D90-4A10-B5F6-C94E610A1F15}.Debug|Any CPU.ActiveCfg = Debug|Any CPU
		{FF46C76C-7D90-4A10-B5F6-C94E610A1F15}.Debug|Any CPU.Build.0 = Debug|Any CPU
		{FF46C76C-7D90-4A10-B5F6-C94E610A1F15}.Release|Any CPU.ActiveCfg = Release|Any CPU
		{FF46C76C-7D90-4A10-B5F6-C94E610A1F15}.Release|Any CPU.Build.0 = Release|Any CPU
		{5DDB6892-0CA7-4347-B15D-AB8076CF3D4B}.Debug|Any CPU.ActiveCfg = Debug|Any CPU
		{5DDB6892-0CA7-4347-B15D-AB8076CF3D4B}.Debug|Any CPU.Build.0 = Debug|Any CPU
		{5DDB6892-0CA7-4347-B15D-AB8076CF3D4B}.Release|Any CPU.ActiveCfg = Release|Any CPU
		{5DDB6892-0CA7-4347-B15D-AB8076CF3D4B}.Release|Any CPU.Build.0 = Release|Any CPU
		{77B98420-1B46-4CAA-B3EE-077F708210EC}.Debug|Any CPU.ActiveCfg = Debug|Any CPU
		{77B98420-1B46-4CAA-B3EE-077F708210EC}.Debug|Any CPU.Build.0 = Debug|Any CPU
		{77B98420-1B46-4CAA-B3EE-077F708210EC}.Release|Any CPU.ActiveCfg = Release|Any CPU
		{77B98420-1B46-4CAA-B3EE-077F708210EC}.Release|Any CPU.Build.0 = Release|Any CPU
		{0CB357CC-DF7D-4C3A-9B89-FD17F329434A}.Debug|Any CPU.ActiveCfg = Debug|Any CPU
		{0CB357CC-DF7D-4C3A-9B89-FD17F329434A}.Debug|Any CPU.Build.0 = Debug|Any CPU
		{0CB357CC-DF7D-4C3A-9B89-FD17F329434A}.Release|Any CPU.ActiveCfg = Release|Any CPU
		{0CB357CC-DF7D-4C3A-9B89-FD17F329434A}.Release|Any CPU.Build.0 = Release|Any CPU
		{81E2956D-36D6-49FC-910C-8F5BCF8E671A}.Debug|Any CPU.ActiveCfg = Debug|Any CPU
		{81E2956D-36D6-49FC-910C-8F5BCF8E671A}.Debug|Any CPU.Build.0 = Debug|Any CPU
		{81E2956D-36D6-49FC-910C-8F5BCF8E671A}.Release|Any CPU.ActiveCfg = Release|Any CPU
		{81E2956D-36D6-49FC-910C-8F5BCF8E671A}.Release|Any CPU.Build.0 = Release|Any CPU
		{8E8C2FB7-DF8E-4931-8DF1-EC429264F570}.Debug|Any CPU.ActiveCfg = Debug|Any CPU
		{8E8C2FB7-DF8E-4931-8DF1-EC429264F570}.Debug|Any CPU.Build.0 = Debug|Any CPU
		{8E8C2FB7-DF8E-4931-8DF1-EC429264F570}.Release|Any CPU.ActiveCfg = Release|Any CPU
		{8E8C2FB7-DF8E-4931-8DF1-EC429264F570}.Release|Any CPU.Build.0 = Release|Any CPU
		{87706AC8-59A5-46DE-AC95-EF734D1BE0F5}.Debug|Any CPU.ActiveCfg = Debug|Any CPU
		{87706AC8-59A5-46DE-AC95-EF734D1BE0F5}.Debug|Any CPU.Build.0 = Debug|Any CPU
		{87706AC8-59A5-46DE-AC95-EF734D1BE0F5}.Release|Any CPU.ActiveCfg = Release|Any CPU
		{87706AC8-59A5-46DE-AC95-EF734D1BE0F5}.Release|Any CPU.Build.0 = Release|Any CPU
	EndGlobalSection
	GlobalSection(SolutionProperties) = preSolution
		HideSolutionNode = FALSE
	EndGlobalSection
	GlobalSection(ExtensibilityGlobals) = postSolution
		SolutionGuid = {A4776637-AF80-4905-B4CD-DD2552386C83}
	EndGlobalSection
EndGlobal
